{
  "name": "TP1109Chat",
  "lockfileVersion": 3,
  "requires": true,
  "packages": {
    "": {
      "dependencies": {
        "simple-w32-context-menu": "^1.0.0"
      }
    },
    "node_modules/simple-w32-context-menu": {
      "version": "1.0.0",
      "resolved": "https://registry.npmjs.org/simple-w32-context-menu/-/simple-w32-context-menu-1.0.0.tgz",
      "integrity": "sha512-4/uS3Hg3l7j/e70tX1ht0hCBfwboJ23RmSwiMQnI77j1GbaZqrYiFmAh4Tfs7Qv2SER6IWuotIKyDn+1gjVNfg==",
      "license": "Unlicense"
    }
  }
}
